
Microsoft Visual Studio Solution File, Format Version 12.00
# Visual Studio 15
VisualStudioVersion = 15.0.26730.12
MinimumVisualStudioVersion = 10.0.40219.1
Project("{9A19103F-16F7-4668-BE54-9A1E7A4F7556}") = "Mowa", "Mowa\Mowa.csproj", "{0D08C13D-E8D2-4037-BC3A-622EEB7FA824}"
EndProject
Project("{2150E333-8FDC-42A3-9474-1A3956D46DE8}") = "src", "src", "{95FFAA11-F14B-4DDD-A486-5498F13A4CEC}"
EndProject
Project("{2150E333-8FDC-42A3-9474-1A3956D46DE8}") = "test", "test", "{ADF26009-5479-4F00-B703-AB343A567A2F}"
EndProject
Project("{FAE04EC0-301F-11D3-BF4B-00C04F79EFBC}") = "Mowa.MovieAPI.UnitTest", "test\Mowa.MovieAPI.UnitTest\Mowa.MovieAPI.UnitTest.csproj", "{EDA45A11-D4F5-4AB0-B0B1-61B41E6E2FFA}"
EndProject
Project("{2150E333-8FDC-42A3-9474-1A3956D46DE8}") = "DiscordBot", "DiscordBot", "{21A1CBC2-7351-4412-91E0-27378FF92351}"
EndProject
Project("{2150E333-8FDC-42A3-9474-1A3956D46DE8}") = "Service", "Service", "{6F5ACD53-BB05-431B-975D-777CD81297AC}"
EndProject
Project("{2150E333-8FDC-42A3-9474-1A3956D46DE8}") = "Movie", "Movie", "{DD7037D0-7065-4DDE-BF59-E4830D2B168B}"
EndProject
Project("{2150E333-8FDC-42A3-9474-1A3956D46DE8}") = "Web", "Web", "{B968010D-9247-4DC1-ACD0-893767C276CD}"
EndProject
Project("{FAE04EC0-301F-11D3-BF4B-00C04F79EFBC}") = "Mowa.MovieAPI", "Mowa.MovieAPI\Mowa.MovieAPI.csproj", "{1EB512CA-5207-4CB8-B562-DDC082A1C1AA}"
EndProject
Project("{FAE04EC0-301F-11D3-BF4B-00C04F79EFBC}") = "Mowa.SPA", "Mowa.SPA\Mowa.SPA.csproj", "{4B06991B-8836-4CF2-B269-7FD6FEB6588E}"
EndProject
Global
	GlobalSection(SolutionConfigurationPlatforms) = preSolution
		Debug|Any CPU = Debug|Any CPU
		Release|Any CPU = Release|Any CPU
	EndGlobalSection
	GlobalSection(ProjectConfigurationPlatforms) = postSolution
		{0D08C13D-E8D2-4037-BC3A-622EEB7FA824}.Debug|Any CPU.ActiveCfg = Debug|Any CPU
		{0D08C13D-E8D2-4037-BC3A-622EEB7FA824}.Debug|Any CPU.Build.0 = Debug|Any CPU
		{0D08C13D-E8D2-4037-BC3A-622EEB7FA824}.Release|Any CPU.ActiveCfg = Release|Any CPU
		{0D08C13D-E8D2-4037-BC3A-622EEB7FA824}.Release|Any CPU.Build.0 = Release|Any CPU
		{EDA45A11-D4F5-4AB0-B0B1-61B41E6E2FFA}.Debug|Any CPU.ActiveCfg = Debug|Any CPU
		{EDA45A11-D4F5-4AB0-B0B1-61B41E6E2FFA}.Debug|Any CPU.Build.0 = Debug|Any CPU
		{EDA45A11-D4F5-4AB0-B0B1-61B41E6E2FFA}.Release|Any CPU.ActiveCfg = Release|Any CPU
		{EDA45A11-D4F5-4AB0-B0B1-61B41E6E2FFA}.Release|Any CPU.Build.0 = Release|Any CPU
		{1EB512CA-5207-4CB8-B562-DDC082A1C1AA}.Debug|Any CPU.ActiveCfg = Debug|Any CPU
		{1EB512CA-5207-4CB8-B562-DDC082A1C1AA}.Debug|Any CPU.Build.0 = Debug|Any CPU
		{1EB512CA-5207-4CB8-B562-DDC082A1C1AA}.Release|Any CPU.ActiveCfg = Release|Any CPU
		{1EB512CA-5207-4CB8-B562-DDC082A1C1AA}.Release|Any CPU.Build.0 = Release|Any CPU
		{4B06991B-8836-4CF2-B269-7FD6FEB6588E}.Debug|Any CPU.ActiveCfg = Debug|Any CPU
		{4B06991B-8836-4CF2-B269-7FD6FEB6588E}.Debug|Any CPU.Build.0 = Debug|Any CPU
		{4B06991B-8836-4CF2-B269-7FD6FEB6588E}.Release|Any CPU.ActiveCfg = Release|Any CPU
		{4B06991B-8836-4CF2-B269-7FD6FEB6588E}.Release|Any CPU.Build.0 = Release|Any CPU
	EndGlobalSection
	GlobalSection(SolutionProperties) = preSolution
		HideSolutionNode = FALSE
	EndGlobalSection
	GlobalSection(NestedProjects) = preSolution
		{0D08C13D-E8D2-4037-BC3A-622EEB7FA824} = {21A1CBC2-7351-4412-91E0-27378FF92351}
		{EDA45A11-D4F5-4AB0-B0B1-61B41E6E2FFA} = {ADF26009-5479-4F00-B703-AB343A567A2F}
		{21A1CBC2-7351-4412-91E0-27378FF92351} = {95FFAA11-F14B-4DDD-A486-5498F13A4CEC}
		{6F5ACD53-BB05-431B-975D-777CD81297AC} = {95FFAA11-F14B-4DDD-A486-5498F13A4CEC}
		{DD7037D0-7065-4DDE-BF59-E4830D2B168B} = {6F5ACD53-BB05-431B-975D-777CD81297AC}
		{B968010D-9247-4DC1-ACD0-893767C276CD} = {95FFAA11-F14B-4DDD-A486-5498F13A4CEC}
		{1EB512CA-5207-4CB8-B562-DDC082A1C1AA} = {DD7037D0-7065-4DDE-BF59-E4830D2B168B}
		{4B06991B-8836-4CF2-B269-7FD6FEB6588E} = {B968010D-9247-4DC1-ACD0-893767C276CD}
	EndGlobalSection
	GlobalSection(ExtensibilityGlobals) = postSolution
		SolutionGuid = {77CACA3E-680C-4628-A629-AAD09E5D5CA0}
	EndGlobalSection
EndGlobal
