
Microsoft Visual Studio Solution File, Format Version 12.00
# Visual Studio 15
VisualStudioVersion = 15.0.26730.12
MinimumVisualStudioVersion = 10.0.40219.1
Project("{FAE04EC0-301F-11D3-BF4B-00C04F79EFBC}") = "Mowa", "Mowa\Mowa.csproj", "{0D08C13D-E8D2-4037-BC3A-622EEB7FA824}"
EndProject
Global
	GlobalSection(SolutionConfigurationPlatforms) = preSolution
		Debug|Any CPU = Debug|Any CPU
		Release|Any CPU = Release|Any CPU
	EndGlobalSection
	GlobalSection(ProjectConfigurationPlatforms) = postSolution
		{0D08C13D-E8D2-4037-BC3A-622EEB7FA824}.Debug|Any CPU.ActiveCfg = Debug|Any CPU
		{0D08C13D-E8D2-4037-BC3A-622EEB7FA824}.Debug|Any CPU.Build.0 = Debug|Any CPU
		{0D08C13D-E8D2-4037-BC3A-622EEB7FA824}.Release|Any CPU.ActiveCfg = Release|Any CPU
		{0D08C13D-E8D2-4037-BC3A-622EEB7FA824}.Release|Any CPU.Build.0 = Release|Any CPU
	EndGlobalSection
	GlobalSection(SolutionProperties) = preSolution
		HideSolutionNode = FALSE
	EndGlobalSection
	GlobalSection(ExtensibilityGlobals) = postSolution
		SolutionGuid = {77CACA3E-680C-4628-A629-AAD09E5D5CA0}
	EndGlobalSection
EndGlobal
